# THIS IS AN AUTOGENERATED FILE. DO NOT EDIT THIS FILE DIRECTLY.
# yarn lockfile v1


csv-generate@^3.2.3:
  version "3.2.3"
  resolved "https://registry.yarnpkg.com/csv-generate/-/csv-generate-3.2.3.tgz#24004f21de61c2ea1c4474d3e65a18261f638a80"
  integrity sha512-IcR3K0Nx+nJAkcU2eAglVR7DuHnxcuhUM2w2cR+aHOW7bZp2S5LyN2HF3zTkp6BV/DjR6ykoKznUm+AjnWcOKg==

csv-parse@^4.4.3:
  version "4.4.3"
  resolved "https://registry.yarnpkg.com/csv-parse/-/csv-parse-4.4.3.tgz#a3fc56b6f54de88db76fbd34a55c091861522712"
  integrity sha512-TiLGAy14FPJ7/yB+Gn6RgSxoZLpf6pJTRkGqmCt9t/SGVwubrXjbUWtEw39RlKB6hDHzbdjLyBZaysQ0Ji6p/w==

mixme@^0.3.1:
  version "0.3.2"
  resolved "https://registry.yarnpkg.com/mixme/-/mixme-0.3.2.tgz#cbda53e3009da0b5035361954232019d776720da"
  integrity sha512-tilCZOvIhRETXJuTmxxpz8mgplF7gmFhcH05JuR/YL+JLO98gLRQ1Mk4XpYQxxbPMKupSOv+Bidw7EKv8wds1w==

stream-transform@^2.0.0:
  version "2.0.0"
  resolved "https://registry.yarnpkg.com/stream-transform/-/stream-transform-2.0.0.tgz#1ea1e7b6c1c28075cd759f82b2108209ec612e47"
  integrity sha512-xbTLpkQTi7hbQdRmJmP2exrKlcN/dstQb6m/Rh7DP7gZ0Rx/jDCpJhXIENcYcQrQvyEFyS92cogOyOGImugRXQ==
  dependencies:
    mixme "^0.3.1"
