# THIS IS AN AUTOGENERATED FILE. DO NOT EDIT THIS FILE DIRECTLY.
# yarn lockfile v1


csv-parse@^4.4.3:
  version "4.4.3"
  resolved "https://registry.yarnpkg.com/csv-parse/-/csv-parse-4.4.3.tgz#a3fc56b6f54de88db76fbd34a55c091861522712"
  integrity sha512-TiLGAy14FPJ7/yB+Gn6RgSxoZLpf6pJTRkGqmCt9t/SGVwubrXjbUWtEw39RlKB6hDHzbdjLyBZaysQ0Ji6p/w==

lodash@^4.17.15:
  version "4.17.15"
  resolved "https://registry.yarnpkg.com/lodash/-/lodash-4.17.15.tgz#b447f6670a0455bbfeedd11392eff330ea097548"
  integrity sha512-8xOcRHvCjnocdS5cpwXQXVzmmh5e5+saE2QGoeQmbKmRS6J3VQppPOIt0MnmE+4xlZoumy0GPG0D0MVIQbNA1A==

mixme@^0.3.1:
  version "0.3.2"
  resolved "https://registry.yarnpkg.com/mixme/-/mixme-0.3.2.tgz#cbda53e3009da0b5035361954232019d776720da"
  integrity sha512-tilCZOvIhRETXJuTmxxpz8mgplF7gmFhcH05JuR/YL+JLO98gLRQ1Mk4XpYQxxbPMKupSOv+Bidw7EKv8wds1w==

stream-transform@^2.0.1:
  version "2.0.1"
  resolved "https://registry.yarnpkg.com/stream-transform/-/stream-transform-2.0.1.tgz#112ef2b4d8b9b517f9a6994b0bf7b946fa4d51bc"
  integrity sha512-GiTcO/rRvZP2R8WPwxmxCFP+Of1yIATuFAmYkvSLDfcD93X2WHiPwdgIqeFT2CvL1gyAsjQvu1nB6RDNQ5b2jw==
  dependencies:
    mixme "^0.3.1"
